{
  "version": 4,
  "terraform_version": "1.8.5",
  "serial": 6,
  "lineage": "9c2c24da-946a-e283-e2e1-ff33848c6285",
  "outputs": {},
  "resources": [
    {
      "mode": "managed",
      "type": "newrelic_alert_policy",
      "name": "infra-alert",
      "provider": "provider[\"registry.terraform.io/newrelic/newrelic\"]",
      "instances": [
        {
          "schema_version": 0,
          "attributes": {
            "account_id": 4550857,
            "channel_ids": null,
            "id": "5487023",
            "incident_preference": "PER_CONDITION",
            "name": "infra-alert"
          },
          "sensitive_attributes": [],
          "private": "bnVsbA=="
        }
      ]
    },
    {
      "mode": "managed",
      "type": "newrelic_notification_channel",
      "name": "infra-channel",
      "provider": "provider[\"registry.terraform.io/newrelic/newrelic\"]",
      "instances": [
        {
          "schema_version": 0,
          "attributes": {
            "account_id": 4550857,
            "active": true,
            "destination_id": "55a98e6f-8c43-4f0e-be5a-e793fbe1ada3",
            "id": "519a5608-815c-4cde-91b5-c0307c09d7a7",
            "name": "infra-channel",
            "product": "IINT",
            "property": [
              {
                "display_value": "",
                "key": "customDetailsEmail",
                "label": "",
                "value": "Changes in the Infrastructure"
              },
              {
                "display_value": "",
                "key": "subject",
                "label": "",
                "value": "INFRA ALERT!"
              }
            ],
            "status": "DEFAULT",
            "type": "EMAIL"
          },
          "sensitive_attributes": [],
          "private": "bnVsbA==",
          "dependencies": [
            "newrelic_notification_destination.infra-destinaiton"
          ]
        }
      ]
    },
    {
      "mode": "managed",
      "type": "newrelic_notification_destination",
      "name": "infra-destinaiton",
      "provider": "provider[\"registry.terraform.io/newrelic/newrelic\"]",
      "instances": [
        {
          "schema_version": 1,
          "attributes": {
            "account_id": 4550857,
            "active": true,
            "auth_basic": [],
            "auth_custom_header": [],
            "auth_token": [],
            "guid": "NDU1MDg1N3xBSU9QU3xERVNUSU5BVElPTnw1NWE5OGU2Zi04YzQzLTRmMGUtYmU1YS1lNzkzZmJlMWFkYTM",
            "id": "55a98e6f-8c43-4f0e-be5a-e793fbe1ada3",
            "last_sent": "",
            "name": "infra-destination",
            "property": [
              {
                "display_value": "",
                "key": "email",
                "label": "",
                "value": "xshreya.sharma@gmail.com"
              }
            ],
            "secure_url": [],
            "status": "DEFAULT",
            "type": "EMAIL"
          },
          "sensitive_attributes": [],
          "private": "eyJzY2hlbWFfdmVyc2lvbiI6IjEifQ=="
        }
      ]
    },
    {
      "mode": "managed",
      "type": "newrelic_nrql_alert_condition",
      "name": "infra-con1",
      "provider": "provider[\"registry.terraform.io/newrelic/newrelic\"]",
      "instances": [
        {
          "schema_version": 0,
          "attributes": {
            "account_id": 4550857,
            "aggregation_delay": "120",
            "aggregation_method": "event_flow",
            "aggregation_timer": null,
            "aggregation_window": 60,
            "baseline_direction": null,
            "close_violations_on_expiration": true,
            "critical": [
              {
                "duration": 0,
                "operator": "above",
                "threshold": 5,
                "threshold_duration": 300,
                "threshold_occurrences": "all",
                "time_function": ""
              }
            ],
            "description": "Changes in Infrastructure",
            "enabled": true,
            "entity_guid": "NDU1MDg1N3xBSU9QU3xDT05ESVRJT058NDMyNTI3NjU",
            "evaluation_delay": null,
            "expiration_duration": 120,
            "fill_option": "last_value",
            "fill_value": 0,
            "id": "5487023:43252765",
            "name": "infra-con1",
            "nrql": [
              {
                "data_account_id": 0,
                "evaluation_offset": 0,
                "query": "FROM InfrastructureEvent SELECT count(*) WHERE changeType = 'added' AND format = 'inventoryChange' AND entityGuid = 'NDU1MDg1N3xJTkZSQXxOQXw3ODQxNTY5MjY0NDI5MzkxMzU5'",
                "since_value": ""
              }
            ],
            "open_violation_on_expiration": true,
            "policy_id": 5487023,
            "runbook_url": "",
            "slide_by": 30,
            "term": [],
            "timeouts": null,
            "type": "static",
            "violation_time_limit": "ONE_HOUR",
            "violation_time_limit_seconds": 3600,
            "warning": [
              {
                "duration": 0,
                "operator": "above",
                "threshold": 3,
                "threshold_duration": 600,
                "threshold_occurrences": "all",
                "time_function": ""
              }
            ]
          },
          "sensitive_attributes": [],
          "private": "eyJlMmJmYjczMC1lY2FhLTExZTYtOGY4OC0zNDM2M2JjN2M0YzAiOnsiY3JlYXRlIjozMDAwMDAwMDAwMH19",
          "dependencies": [
            "newrelic_alert_policy.infra-alert"
          ]
        }
      ]
    },
    {
      "mode": "managed",
      "type": "newrelic_workflow",
      "name": "infra-workflow",
      "provider": "provider[\"registry.terraform.io/newrelic/newrelic\"]",
      "instances": [
        {
          "schema_version": 1,
          "attributes": {
            "account_id": 4550857,
            "destination": [
              {
                "channel_id": "519a5608-815c-4cde-91b5-c0307c09d7a7",
                "name": "infra-channel",
                "notification_triggers": [
                  "ACKNOWLEDGED",
                  "ACTIVATED",
                  "CLOSED"
                ],
                "type": "EMAIL",
                "update_original_message": true
              }
            ],
            "destinations_enabled": true,
            "enabled": true,
            "enrichments": [],
            "enrichments_enabled": true,
            "guid": "NDU1MDg1N3xBSU9QU3xXT1JLRkxPV3xiYzMxOGM1Mi1kOTQ2LTQwNTUtYWI1MS04MjMzN2ViZjEwMTA",
            "id": "bc318c52-d946-4055-ab51-82337ebf1010",
            "issues_filter": [
              {
                "filter_id": "5f5579cb-1cff-47c1-9958-004f0ac16e1c",
                "name": "filter",
                "predicate": [
                  {
                    "attribute": "priority",
                    "operator": "EXACTLY_MATCHES",
                    "values": [
                      "critical"
                    ]
                  }
                ],
                "type": "FILTER"
              }
            ],
            "last_run": "",
            "muting_rules_handling": "NOTIFY_ALL_ISSUES",
            "name": "infra-workflow",
            "workflow_id": "bc318c52-d946-4055-ab51-82337ebf1010"
          },
          "sensitive_attributes": [],
          "private": "eyJzY2hlbWFfdmVyc2lvbiI6IjEifQ==",
          "dependencies": [
            "newrelic_notification_channel.infra-channel",
            "newrelic_notification_destination.infra-destinaiton"
          ]
        }
      ]
    }
  ],
  "check_results": null
}
